
Microsoft Visual Studio Solution File, Format Version 12.00
# Visual Studio Version 17
VisualStudioVersion = 17.4.33213.308
MinimumVisualStudioVersion = 10.0.40219.1
Project("{9A19103F-16F7-4668-BE54-9A1E7A4F7556}") = "Thrift.gen", "Thrift.gen.csproj", "{499EB63C-D74C-47E8-AE48-A2FC94538E9D}"
EndProject
Global
	GlobalSection(SolutionConfigurationPlatforms) = preSolution
		Release_core|Any CPU = Release_core|Any CPU
		Release|Any CPU = Release|Any CPU
	EndGlobalSection
	GlobalSection(ProjectConfigurationPlatforms) = postSolution
		{499EB63C-D74C-47E8-AE48-A2FC94538E9D}.Release_core|Any CPU.ActiveCfg = Release_core|Any CPU
		{499EB63C-D74C-47E8-AE48-A2FC94538E9D}.Release_core|Any CPU.Build.0 = Release_core|Any CPU
		{499EB63C-D74C-47E8-AE48-A2FC94538E9D}.Release|Any CPU.ActiveCfg = Release|Any CPU
		{499EB63C-D74C-47E8-AE48-A2FC94538E9D}.Release|Any CPU.Build.0 = Release|Any CPU
	EndGlobalSection
	GlobalSection(SolutionProperties) = preSolution
		HideSolutionNode = FALSE
	EndGlobalSection
	GlobalSection(ExtensibilityGlobals) = postSolution
		SolutionGuid = {FF9D2A89-3E19-4146-8B78-3F8A244E9661}
	EndGlobalSection
EndGlobal
